
Microsoft Visual Studio Solution File, Format Version 12.00
# Visual Studio 15
VisualStudioVersion = 15.0.28307.1169
MinimumVisualStudioVersion = 10.0.40219.1
Project("{888888A0-9F3D-457C-B088-3A5042F75D52}") = "ESS Worksheet", "ESS Worksheet\ESS Worksheet.pyproj", "{32089C92-7BD8-44CE-9406-9D277C5A1BDA}"
EndProject
Global
	GlobalSection(SolutionConfigurationPlatforms) = preSolution
		Debug|Any CPU = Debug|Any CPU
		Release|Any CPU = Release|Any CPU
	EndGlobalSection
	GlobalSection(ProjectConfigurationPlatforms) = postSolution
		{32089C92-7BD8-44CE-9406-9D277C5A1BDA}.Debug|Any CPU.ActiveCfg = Debug|Any CPU
		{32089C92-7BD8-44CE-9406-9D277C5A1BDA}.Release|Any CPU.ActiveCfg = Release|Any CPU
	EndGlobalSection
	GlobalSection(SolutionProperties) = preSolution
		HideSolutionNode = FALSE
	EndGlobalSection
	GlobalSection(ExtensibilityGlobals) = postSolution
		SolutionGuid = {76E5A238-622E-445B-837D-489665D81C25}
	EndGlobalSection
EndGlobal
